
Microsoft Visual Studio Solution File, Format Version 12.00
# Visual Studio 2013
VisualStudioVersion = 12.0.40629.0
MinimumVisualStudioVersion = 10.0.40219.1
Project("{FAE04EC0-301F-11D3-BF4B-00C04F79EFBC}") = "NAQRPD.Common", "NAQRPD.Common\NAQRPD.Common.csproj", "{B95BC1DC-2DD6-40B7-AB83-4A6F01CCA302}"
EndProject
Project("{FAE04EC0-301F-11D3-BF4B-00C04F79EFBC}") = "NAQRPD.Service", "NAQRPD.Service\NAQRPD.Service.csproj", "{441189B8-D3FC-47DB-AD32-3858A3D9342B}"
EndProject
Project("{FAE04EC0-301F-11D3-BF4B-00C04F79EFBC}") = "NAQRPD.WCF", "NAQRPD.WCF\NAQRPD.WCF.csproj", "{7479B3DD-948D-46DB-8520-4CF9CB280F8F}"
EndProject
Project("{FAE04EC0-301F-11D3-BF4B-00C04F79EFBC}") = "NAQRPD.Web", "NAQRPD.Web\NAQRPD.Web.csproj", "{99CB38F2-B4A4-48C4-A1A8-925E89387283}"
EndProject
Global
	GlobalSection(SolutionConfigurationPlatforms) = preSolution
		Debug|Any CPU = Debug|Any CPU
		Release|Any CPU = Release|Any CPU
	EndGlobalSection
	GlobalSection(ProjectConfigurationPlatforms) = postSolution
		{B95BC1DC-2DD6-40B7-AB83-4A6F01CCA302}.Debug|Any CPU.ActiveCfg = Debug|Any CPU
		{B95BC1DC-2DD6-40B7-AB83-4A6F01CCA302}.Debug|Any CPU.Build.0 = Debug|Any CPU
		{B95BC1DC-2DD6-40B7-AB83-4A6F01CCA302}.Release|Any CPU.ActiveCfg = Release|Any CPU
		{B95BC1DC-2DD6-40B7-AB83-4A6F01CCA302}.Release|Any CPU.Build.0 = Release|Any CPU
		{441189B8-D3FC-47DB-AD32-3858A3D9342B}.Debug|Any CPU.ActiveCfg = Debug|Any CPU
		{441189B8-D3FC-47DB-AD32-3858A3D9342B}.Debug|Any CPU.Build.0 = Debug|Any CPU
		{441189B8-D3FC-47DB-AD32-3858A3D9342B}.Release|Any CPU.ActiveCfg = Release|Any CPU
		{441189B8-D3FC-47DB-AD32-3858A3D9342B}.Release|Any CPU.Build.0 = Release|Any CPU
		{7479B3DD-948D-46DB-8520-4CF9CB280F8F}.Debug|Any CPU.ActiveCfg = Debug|Any CPU
		{7479B3DD-948D-46DB-8520-4CF9CB280F8F}.Debug|Any CPU.Build.0 = Debug|Any CPU
		{7479B3DD-948D-46DB-8520-4CF9CB280F8F}.Release|Any CPU.ActiveCfg = Release|Any CPU
		{7479B3DD-948D-46DB-8520-4CF9CB280F8F}.Release|Any CPU.Build.0 = Release|Any CPU
		{99CB38F2-B4A4-48C4-A1A8-925E89387283}.Debug|Any CPU.ActiveCfg = Debug|Any CPU
		{99CB38F2-B4A4-48C4-A1A8-925E89387283}.Debug|Any CPU.Build.0 = Debug|Any CPU
		{99CB38F2-B4A4-48C4-A1A8-925E89387283}.Release|Any CPU.ActiveCfg = Release|Any CPU
		{99CB38F2-B4A4-48C4-A1A8-925E89387283}.Release|Any CPU.Build.0 = Release|Any CPU
	EndGlobalSection
	GlobalSection(SolutionProperties) = preSolution
		HideSolutionNode = FALSE
	EndGlobalSection
EndGlobal
